
Microsoft Visual Studio Solution File, Format Version 12.00
# Visual Studio Version 17
VisualStudioVersion = 17.9.34728.123
MinimumVisualStudioVersion = 10.0.40219.1
Project("{FAE04EC0-301F-11D3-BF4B-00C04F79EFBC}") = "Dart Calculator", "Dart Calculator\Dart Calculator.csproj", "{99889B4C-579D-4CAA-A22D-6749B6744474}"
EndProject
Global
	GlobalSection(SolutionConfigurationPlatforms) = preSolution
		Debug|Any CPU = Debug|Any CPU
		Release|Any CPU = Release|Any CPU
	EndGlobalSection
	GlobalSection(ProjectConfigurationPlatforms) = postSolution
		{99889B4C-579D-4CAA-A22D-6749B6744474}.Debug|Any CPU.ActiveCfg = Debug|Any CPU
		{99889B4C-579D-4CAA-A22D-6749B6744474}.Debug|Any CPU.Build.0 = Debug|Any CPU
		{99889B4C-579D-4CAA-A22D-6749B6744474}.Release|Any CPU.ActiveCfg = Release|Any CPU
		{99889B4C-579D-4CAA-A22D-6749B6744474}.Release|Any CPU.Build.0 = Release|Any CPU
	EndGlobalSection
	GlobalSection(SolutionProperties) = preSolution
		HideSolutionNode = FALSE
	EndGlobalSection
	GlobalSection(ExtensibilityGlobals) = postSolution
		SolutionGuid = {4D4C92F2-EED7-4403-8797-692A3B5C8847}
	EndGlobalSection
EndGlobal
